
Microsoft Visual Studio Solution File, Format Version 12.00
# Visual Studio 15
Project("{2150E333-8FDC-42A3-9474-1A3956D46DE8}") = "Dependencies", "Dependencies", "{53E47842-3FC8-3998-A828-34EB942B241A}"
EndProject
Project("{8BC9CEB8-8B4A-11D0-8D11-00A0C91BC942}") = "AngelScript", "IvyEngine\vendor\angelscript\AngelScript.vcxproj", "{0136F6DA-6DEB-6ED0-F6DF-68A7629465D4}"
EndProject
Project("{8BC9CEB8-8B4A-11D0-8D11-00A0C91BC942}") = "GLFW", "IvyEngine\vendor\glfw\GLFW.vcxproj", "{154B857C-0182-860D-AA6E-6C109684020F}"
EndProject
Project("{8BC9CEB8-8B4A-11D0-8D11-00A0C91BC942}") = "Glad", "IvyEngine\vendor\glad\Glad.vcxproj", "{BDD6857C-A90D-870D-52FA-6C103E10030F}"
EndProject
Project("{8BC9CEB8-8B4A-11D0-8D11-00A0C91BC942}") = "ImGui", "IvyEngine\vendor\imgui\ImGui.vcxproj", "{C0FF640D-2C14-8DBE-F595-301E616989EF}"
EndProject
Project("{8BC9CEB8-8B4A-11D0-8D11-00A0C91BC942}") = "IvyApplication", "IvyApplication\IvyApplication.vcxproj", "{F1039B6E-DDD1-8E74-C665-FF9AB2D26AD9}"
EndProject
Project("{8BC9CEB8-8B4A-11D0-8D11-00A0C91BC942}") = "IvyEngine", "IvyEngine\IvyEngine.vcxproj", "{F35D2C1B-5FC8-E091-A806-923714B0BEE6}"
EndProject
Global
	GlobalSection(SolutionConfigurationPlatforms) = preSolution
		Debug|x64 = Debug|x64
		Dist|x64 = Dist|x64
		Release|x64 = Release|x64
	EndGlobalSection
	GlobalSection(ProjectConfigurationPlatforms) = postSolution
		{0136F6DA-6DEB-6ED0-F6DF-68A7629465D4}.Debug|x64.ActiveCfg = Debug|x64
		{0136F6DA-6DEB-6ED0-F6DF-68A7629465D4}.Debug|x64.Build.0 = Debug|x64
		{0136F6DA-6DEB-6ED0-F6DF-68A7629465D4}.Dist|x64.ActiveCfg = Dist|x64
		{0136F6DA-6DEB-6ED0-F6DF-68A7629465D4}.Dist|x64.Build.0 = Dist|x64
		{0136F6DA-6DEB-6ED0-F6DF-68A7629465D4}.Release|x64.ActiveCfg = Release|x64
		{0136F6DA-6DEB-6ED0-F6DF-68A7629465D4}.Release|x64.Build.0 = Release|x64
		{154B857C-0182-860D-AA6E-6C109684020F}.Debug|x64.ActiveCfg = Debug|x64
		{154B857C-0182-860D-AA6E-6C109684020F}.Debug|x64.Build.0 = Debug|x64
		{154B857C-0182-860D-AA6E-6C109684020F}.Dist|x64.ActiveCfg = Dist|x64
		{154B857C-0182-860D-AA6E-6C109684020F}.Dist|x64.Build.0 = Dist|x64
		{154B857C-0182-860D-AA6E-6C109684020F}.Release|x64.ActiveCfg = Release|x64
		{154B857C-0182-860D-AA6E-6C109684020F}.Release|x64.Build.0 = Release|x64
		{BDD6857C-A90D-870D-52FA-6C103E10030F}.Debug|x64.ActiveCfg = Debug|x64
		{BDD6857C-A90D-870D-52FA-6C103E10030F}.Debug|x64.Build.0 = Debug|x64
		{BDD6857C-A90D-870D-52FA-6C103E10030F}.Dist|x64.ActiveCfg = Dist|x64
		{BDD6857C-A90D-870D-52FA-6C103E10030F}.Dist|x64.Build.0 = Dist|x64
		{BDD6857C-A90D-870D-52FA-6C103E10030F}.Release|x64.ActiveCfg = Release|x64
		{BDD6857C-A90D-870D-52FA-6C103E10030F}.Release|x64.Build.0 = Release|x64
		{C0FF640D-2C14-8DBE-F595-301E616989EF}.Debug|x64.ActiveCfg = Debug|x64
		{C0FF640D-2C14-8DBE-F595-301E616989EF}.Debug|x64.Build.0 = Debug|x64
		{C0FF640D-2C14-8DBE-F595-301E616989EF}.Dist|x64.ActiveCfg = Dist|x64
		{C0FF640D-2C14-8DBE-F595-301E616989EF}.Dist|x64.Build.0 = Dist|x64
		{C0FF640D-2C14-8DBE-F595-301E616989EF}.Release|x64.ActiveCfg = Release|x64
		{C0FF640D-2C14-8DBE-F595-301E616989EF}.Release|x64.Build.0 = Release|x64
		{F1039B6E-DDD1-8E74-C665-FF9AB2D26AD9}.Debug|x64.ActiveCfg = Debug|x64
		{F1039B6E-DDD1-8E74-C665-FF9AB2D26AD9}.Debug|x64.Build.0 = Debug|x64
		{F1039B6E-DDD1-8E74-C665-FF9AB2D26AD9}.Dist|x64.ActiveCfg = Dist|x64
		{F1039B6E-DDD1-8E74-C665-FF9AB2D26AD9}.Dist|x64.Build.0 = Dist|x64
		{F1039B6E-DDD1-8E74-C665-FF9AB2D26AD9}.Release|x64.ActiveCfg = Release|x64
		{F1039B6E-DDD1-8E74-C665-FF9AB2D26AD9}.Release|x64.Build.0 = Release|x64
		{F35D2C1B-5FC8-E091-A806-923714B0BEE6}.Debug|x64.ActiveCfg = Debug|x64
		{F35D2C1B-5FC8-E091-A806-923714B0BEE6}.Debug|x64.Build.0 = Debug|x64
		{F35D2C1B-5FC8-E091-A806-923714B0BEE6}.Dist|x64.ActiveCfg = Dist|x64
		{F35D2C1B-5FC8-E091-A806-923714B0BEE6}.Dist|x64.Build.0 = Dist|x64
		{F35D2C1B-5FC8-E091-A806-923714B0BEE6}.Release|x64.ActiveCfg = Release|x64
		{F35D2C1B-5FC8-E091-A806-923714B0BEE6}.Release|x64.Build.0 = Release|x64
	EndGlobalSection
	GlobalSection(SolutionProperties) = preSolution
		HideSolutionNode = FALSE
	EndGlobalSection
	GlobalSection(NestedProjects) = preSolution
		{0136F6DA-6DEB-6ED0-F6DF-68A7629465D4} = {53E47842-3FC8-3998-A828-34EB942B241A}
		{154B857C-0182-860D-AA6E-6C109684020F} = {53E47842-3FC8-3998-A828-34EB942B241A}
		{BDD6857C-A90D-870D-52FA-6C103E10030F} = {53E47842-3FC8-3998-A828-34EB942B241A}
		{C0FF640D-2C14-8DBE-F595-301E616989EF} = {53E47842-3FC8-3998-A828-34EB942B241A}
		{F1039B6E-DDD1-8E74-C665-FF9AB2D26AD9} = {53E47842-3FC8-3998-A828-34EB942B241A}
		{F35D2C1B-5FC8-E091-A806-923714B0BEE6} = {53E47842-3FC8-3998-A828-34EB942B241A}
	EndGlobalSection
EndGlobal
